Microsoft Visual Studio Solution File, Format Version 12.00
# Visual Studio Version 17
VisualStudioVersion = 17.5.2.0
MinimumVisualStudioVersion = 10.0.40219.1
Project("{FAE04EC0-301F-11D3-BF4B-00C04F79EFBC}") = "AI-WebSearch", "AI-WebSearch\AI-WebSearch.csproj", "{A81B8A36-9562-432D-250E-CA4BDDD782ED}"
EndProject
Global
	GlobalSection(SolutionConfigurationPlatforms) = preSolution
		Debug|Any CPU = Debug|Any CPU
		Release|Any CPU = Release|Any CPU
	EndGlobalSection
	GlobalSection(ProjectConfigurationPlatforms) = postSolution
		{A81B8A36-9562-432D-250E-CA4BDDD782ED}.Debug|Any CPU.ActiveCfg = Debug|Any CPU
		{A81B8A36-9562-432D-250E-CA4BDDD782ED}.Debug|Any CPU.Build.0 = Debug|Any CPU
		{A81B8A36-9562-432D-250E-CA4BDDD782ED}.Release|Any CPU.ActiveCfg = Release|Any CPU
		{A81B8A36-9562-432D-250E-CA4BDDD782ED}.Release|Any CPU.Build.0 = Release|Any CPU
	EndGlobalSection
	GlobalSection(SolutionProperties) = preSolution
		HideSolutionNode = FALSE
	EndGlobalSection
	GlobalSection(ExtensibilityGlobals) = postSolution
		SolutionGuid = {BBBFC48D-7E85-4813-BFBF-108F86CE6C8D}
	EndGlobalSection
EndGlobal
